
Microsoft Visual Studio Solution File, Format Version 12.00
# Visual Studio Version 17
VisualStudioVersion = 17.3.32922.545
MinimumVisualStudioVersion = 10.0.40219.1
Project("{9A19103F-16F7-4668-BE54-9A1E7A4F7556}") = "KooliProjekt", "KooliProjekt\KooliProjekt.csproj", "{B6064AB2-66AC-4896-9DFE-E8C97404F6E0}"
EndProject
Project("{9A19103F-16F7-4668-BE54-9A1E7A4F7556}") = "KooliProjekt.UnitTests", "KooliProjekt.UnitTests\KooliProjekt.UnitTests.csproj", "{C081B8DC-208E-4B5F-A70C-72FBD72E8225}"
EndProject
Project("{9A19103F-16F7-4668-BE54-9A1E7A4F7556}") = "KooliProjekt.IntegrationTests", "KooliProjekt.IntegrationTests\KooliProjekt.IntegrationTests.csproj", "{695AEDC8-1403-4784-AFC9-9F8D64CE40D3}"
EndProject
Project("{FAE04EC0-301F-11D3-BF4B-00C04F79EFBC}") = "WinFormsMVP", "KooliProjectMVP\WinFormsMVP.csproj", "{1B33C9F4-C37B-49C2-91D4-8A6919D466F8}"
EndProject
Project("{FAE04EC0-301F-11D3-BF4B-00C04F79EFBC}") = "WinFormsMVP.UnitTests", "WinFormsMVP.UnitTests\WinFormsMVP.UnitTests.csproj", "{94D03B16-436E-4F7A-AE5A-4F77D7C8AFD1}"
EndProject
Global
	GlobalSection(SolutionConfigurationPlatforms) = preSolution
		Debug|Any CPU = Debug|Any CPU
		Debug|x86 = Debug|x86
		Release|Any CPU = Release|Any CPU
		Release|x86 = Release|x86
	EndGlobalSection
	GlobalSection(ProjectConfigurationPlatforms) = postSolution
		{B6064AB2-66AC-4896-9DFE-E8C97404F6E0}.Debug|Any CPU.ActiveCfg = Debug|Any CPU
		{B6064AB2-66AC-4896-9DFE-E8C97404F6E0}.Debug|Any CPU.Build.0 = Debug|Any CPU
		{B6064AB2-66AC-4896-9DFE-E8C97404F6E0}.Debug|x86.ActiveCfg = Debug|Any CPU
		{B6064AB2-66AC-4896-9DFE-E8C97404F6E0}.Debug|x86.Build.0 = Debug|Any CPU
		{B6064AB2-66AC-4896-9DFE-E8C97404F6E0}.Release|Any CPU.ActiveCfg = Release|Any CPU
		{B6064AB2-66AC-4896-9DFE-E8C97404F6E0}.Release|Any CPU.Build.0 = Release|Any CPU
		{B6064AB2-66AC-4896-9DFE-E8C97404F6E0}.Release|x86.ActiveCfg = Release|Any CPU
		{B6064AB2-66AC-4896-9DFE-E8C97404F6E0}.Release|x86.Build.0 = Release|Any CPU
		{C081B8DC-208E-4B5F-A70C-72FBD72E8225}.Debug|Any CPU.ActiveCfg = Debug|Any CPU
		{C081B8DC-208E-4B5F-A70C-72FBD72E8225}.Debug|Any CPU.Build.0 = Debug|Any CPU
		{C081B8DC-208E-4B5F-A70C-72FBD72E8225}.Debug|x86.ActiveCfg = Debug|Any CPU
		{C081B8DC-208E-4B5F-A70C-72FBD72E8225}.Debug|x86.Build.0 = Debug|Any CPU
		{C081B8DC-208E-4B5F-A70C-72FBD72E8225}.Release|Any CPU.ActiveCfg = Release|Any CPU
		{C081B8DC-208E-4B5F-A70C-72FBD72E8225}.Release|Any CPU.Build.0 = Release|Any CPU
		{C081B8DC-208E-4B5F-A70C-72FBD72E8225}.Release|x86.ActiveCfg = Release|Any CPU
		{C081B8DC-208E-4B5F-A70C-72FBD72E8225}.Release|x86.Build.0 = Release|Any CPU
		{695AEDC8-1403-4784-AFC9-9F8D64CE40D3}.Debug|Any CPU.ActiveCfg = Debug|Any CPU
		{695AEDC8-1403-4784-AFC9-9F8D64CE40D3}.Debug|Any CPU.Build.0 = Debug|Any CPU
		{695AEDC8-1403-4784-AFC9-9F8D64CE40D3}.Debug|x86.ActiveCfg = Debug|Any CPU
		{695AEDC8-1403-4784-AFC9-9F8D64CE40D3}.Debug|x86.Build.0 = Debug|Any CPU
		{695AEDC8-1403-4784-AFC9-9F8D64CE40D3}.Release|Any CPU.ActiveCfg = Release|Any CPU
		{695AEDC8-1403-4784-AFC9-9F8D64CE40D3}.Release|Any CPU.Build.0 = Release|Any CPU
		{695AEDC8-1403-4784-AFC9-9F8D64CE40D3}.Release|x86.ActiveCfg = Release|Any CPU
		{695AEDC8-1403-4784-AFC9-9F8D64CE40D3}.Release|x86.Build.0 = Release|Any CPU
		{1B33C9F4-C37B-49C2-91D4-8A6919D466F8}.Debug|Any CPU.ActiveCfg = Debug|Any CPU
		{1B33C9F4-C37B-49C2-91D4-8A6919D466F8}.Debug|Any CPU.Build.0 = Debug|Any CPU
		{1B33C9F4-C37B-49C2-91D4-8A6919D466F8}.Debug|x86.ActiveCfg = Debug|x86
		{1B33C9F4-C37B-49C2-91D4-8A6919D466F8}.Debug|x86.Build.0 = Debug|x86
		{1B33C9F4-C37B-49C2-91D4-8A6919D466F8}.Release|Any CPU.ActiveCfg = Release|Any CPU
		{1B33C9F4-C37B-49C2-91D4-8A6919D466F8}.Release|Any CPU.Build.0 = Release|Any CPU
		{1B33C9F4-C37B-49C2-91D4-8A6919D466F8}.Release|x86.ActiveCfg = Release|x86
		{1B33C9F4-C37B-49C2-91D4-8A6919D466F8}.Release|x86.Build.0 = Release|x86
		{94D03B16-436E-4F7A-AE5A-4F77D7C8AFD1}.Debug|Any CPU.ActiveCfg = Debug|Any CPU
		{94D03B16-436E-4F7A-AE5A-4F77D7C8AFD1}.Debug|Any CPU.Build.0 = Debug|Any CPU
		{94D03B16-436E-4F7A-AE5A-4F77D7C8AFD1}.Debug|x86.ActiveCfg = Debug|Any CPU
		{94D03B16-436E-4F7A-AE5A-4F77D7C8AFD1}.Debug|x86.Build.0 = Debug|Any CPU
		{94D03B16-436E-4F7A-AE5A-4F77D7C8AFD1}.Release|Any CPU.ActiveCfg = Release|Any CPU
		{94D03B16-436E-4F7A-AE5A-4F77D7C8AFD1}.Release|Any CPU.Build.0 = Release|Any CPU
		{94D03B16-436E-4F7A-AE5A-4F77D7C8AFD1}.Release|x86.ActiveCfg = Release|Any CPU
		{94D03B16-436E-4F7A-AE5A-4F77D7C8AFD1}.Release|x86.Build.0 = Release|Any CPU
	EndGlobalSection
	GlobalSection(SolutionProperties) = preSolution
		HideSolutionNode = FALSE
	EndGlobalSection
	GlobalSection(ExtensibilityGlobals) = postSolution
		SolutionGuid = {792456E2-8406-497C-97E7-7999439674C1}
	EndGlobalSection
EndGlobal
